// !$*UTF8*$!
{
	archiveVersion = 1;
	classes = {
	};
	objectVersion = 50;
	objects = {

/* Begin PBXBuildFile section */
		0C9FEAE8220A55E3007F05F7 /* AppDelegate.swift in Sources */ = {isa = PBXBuildFile; fileRef = 0C9FEAE7220A55E3007F05F7 /* AppDelegate.swift */; };
		0C9FEAEF220A55E5007F05F7 /* Assets.xcassets in Resources */ = {isa = PBXBuildFile; fileRef = 0C9FEAEE220A55E5007F05F7 /* Assets.xcassets */; };
		0C9FEAF2220A55E5007F05F7 /* LaunchScreen.storyboard in Resources */ = {isa = PBXBuildFile; fileRef = 0C9FEAF0220A55E5007F05F7 /* LaunchScreen.storyboard */; };
		0CC834BD220A68A2006E0F92 /* Roboto-Medium.ttf in Resources */ = {isa = PBXBuildFile; fileRef = 0CC834B8220A68A1006E0F92 /* Roboto-Medium.ttf */; };
		0CC834BE220A68A2006E0F92 /* Roboto-Light.ttf in Resources */ = {isa = PBXBuildFile; fileRef = 0CC834B9220A68A1006E0F92 /* Roboto-Light.ttf */; };
		0CC834BF220A68A2006E0F92 /* Roboto-Bold.ttf in Resources */ = {isa = PBXBuildFile; fileRef = 0CC834BA220A68A1006E0F92 /* Roboto-Bold.ttf */; };
		0CC834C0220A68A2006E0F92 /* Roboto-Thin.ttf in Resources */ = {isa = PBXBuildFile; fileRef = 0CC834BB220A68A2006E0F92 /* Roboto-Thin.ttf */; };
		0CC834C1220A68A2006E0F92 /* Roboto-Regular.ttf in Resources */ = {isa = PBXBuildFile; fileRef = 0CC834BC220A68A2006E0F92 /* Roboto-Regular.ttf */; };
		0CC834D2220A80D4006E0F92 /* HomeViewController.swift in Sources */ = {isa = PBXBuildFile; fileRef = 0CC834D1220A80D4006E0F92 /* HomeViewController.swift */; };
		0CC834D4220A80EA006E0F92 /* HomeViewModel.swift in Sources */ = {isa = PBXBuildFile; fileRef = 0CC834D3220A80EA006E0F92 /* HomeViewModel.swift */; };
		0CC834D6220A815C006E0F92 /* HomeModuleAssembly.swift in Sources */ = {isa = PBXBuildFile; fileRef = 0CC834D5220A815C006E0F92 /* HomeModuleAssembly.swift */; };
		0CC834D9220A825C006E0F92 /* HomeControllersFactory.swift in Sources */ = {isa = PBXBuildFile; fileRef = 0CC834D8220A825C006E0F92 /* HomeControllersFactory.swift */; };
		0CC834DF220AE17D006E0F92 /* HomeViewOutput.swift in Sources */ = {isa = PBXBuildFile; fileRef = 0CC834DE220AE17D006E0F92 /* HomeViewOutput.swift */; };
		0CC834E1220AE1B4006E0F92 /* HomeViewInput.swift in Sources */ = {isa = PBXBuildFile; fileRef = 0CC834E0220AE1B4006E0F92 /* HomeViewInput.swift */; };
		0CC834E6220AE226006E0F92 /* Swift+Blocks.swift in Sources */ = {isa = PBXBuildFile; fileRef = 0CC834E5220AE226006E0F92 /* Swift+Blocks.swift */; };
		0CC834E8220AE257006E0F92 /* HomeTabBarItem.swift in Sources */ = {isa = PBXBuildFile; fileRef = 0CC834E7220AE257006E0F92 /* HomeTabBarItem.swift */; };
		0CC834EA220AE29B006E0F92 /* HomeTabBarItem+Appearance.swift in Sources */ = {isa = PBXBuildFile; fileRef = 0CC834E9220AE29B006E0F92 /* HomeTabBarItem+Appearance.swift */; };
		0CC834EE220AE4A5006E0F92 /* String+Constants.swift in Sources */ = {isa = PBXBuildFile; fileRef = 0CC834ED220AE4A5006E0F92 /* String+Constants.swift */; };
		0CC834F5220AEF64006E0F92 /* FontFamily.swift in Sources */ = {isa = PBXBuildFile; fileRef = 0CC834F4220AEF64006E0F92 /* FontFamily.swift */; };
		0CC834F7220AEFDC006E0F92 /* FontFamily+Roboto.swift in Sources */ = {isa = PBXBuildFile; fileRef = 0CC834F6220AEFDC006E0F92 /* FontFamily+Roboto.swift */; };
		0CF02C6A220A58A20094ECA7 /* GoogleService-Info.plist in Resources */ = {isa = PBXBuildFile; fileRef = 0CF02C69220A58A20094ECA7 /* GoogleService-Info.plist */; };
		C2E87CBDBE20C4B8247E2E51 /* Pods_Weather.framework in Frameworks */ = {isa = PBXBuildFile; fileRef = 3A7DA9006C2D44755D57F593 /* Pods_Weather.framework */; };
/* End PBXBuildFile section */

/* Begin PBXFileReference section */
		0C9FEAE4220A55E3007F05F7 /* Weather.app */ = {isa = PBXFileReference; explicitFileType = wrapper.application; includeInIndex = 0; path = Weather.app; sourceTree = BUILT_PRODUCTS_DIR; };
		0C9FEAE7220A55E3007F05F7 /* AppDelegate.swift */ = {isa = PBXFileReference; lastKnownFileType = sourcecode.swift; path = AppDelegate.swift; sourceTree = "<group>"; };
		0C9FEAEE220A55E5007F05F7 /* Assets.xcassets */ = {isa = PBXFileReference; lastKnownFileType = folder.assetcatalog; path = Assets.xcassets; sourceTree = "<group>"; };
		0C9FEAF1220A55E5007F05F7 /* Base */ = {isa = PBXFileReference; lastKnownFileType = file.storyboard; name = Base; path = Base.lproj/LaunchScreen.storyboard; sourceTree = "<group>"; };
		0C9FEAF3220A55E5007F05F7 /* Info.plist */ = {isa = PBXFileReference; lastKnownFileType = text.plist.xml; path = Info.plist; sourceTree = "<group>"; };
		0CC834B8220A68A1006E0F92 /* Roboto-Medium.ttf */ = {isa = PBXFileReference; lastKnownFileType = file; path = "Roboto-Medium.ttf"; sourceTree = "<group>"; };
		0CC834B9220A68A1006E0F92 /* Roboto-Light.ttf */ = {isa = PBXFileReference; lastKnownFileType = file; path = "Roboto-Light.ttf"; sourceTree = "<group>"; };
		0CC834BA220A68A1006E0F92 /* Roboto-Bold.ttf */ = {isa = PBXFileReference; lastKnownFileType = file; path = "Roboto-Bold.ttf"; sourceTree = "<group>"; };
		0CC834BB220A68A2006E0F92 /* Roboto-Thin.ttf */ = {isa = PBXFileReference; lastKnownFileType = file; path = "Roboto-Thin.ttf"; sourceTree = "<group>"; };
		0CC834BC220A68A2006E0F92 /* Roboto-Regular.ttf */ = {isa = PBXFileReference; lastKnownFileType = file; path = "Roboto-Regular.ttf"; sourceTree = "<group>"; };
		0CC834D1220A80D4006E0F92 /* HomeViewController.swift */ = {isa = PBXFileReference; lastKnownFileType = sourcecode.swift; path = HomeViewController.swift; sourceTree = "<group>"; };
		0CC834D3220A80EA006E0F92 /* HomeViewModel.swift */ = {isa = PBXFileReference; lastKnownFileType = sourcecode.swift; path = HomeViewModel.swift; sourceTree = "<group>"; };
		0CC834D5220A815C006E0F92 /* HomeModuleAssembly.swift */ = {isa = PBXFileReference; lastKnownFileType = sourcecode.swift; path = HomeModuleAssembly.swift; sourceTree = "<group>"; };
		0CC834D8220A825C006E0F92 /* HomeControllersFactory.swift */ = {isa = PBXFileReference; lastKnownFileType = sourcecode.swift; path = HomeControllersFactory.swift; sourceTree = "<group>"; };
		0CC834DE220AE17D006E0F92 /* HomeViewOutput.swift */ = {isa = PBXFileReference; lastKnownFileType = sourcecode.swift; path = HomeViewOutput.swift; sourceTree = "<group>"; };
		0CC834E0220AE1B4006E0F92 /* HomeViewInput.swift */ = {isa = PBXFileReference; lastKnownFileType = sourcecode.swift; path = HomeViewInput.swift; sourceTree = "<group>"; };
		0CC834E5220AE226006E0F92 /* Swift+Blocks.swift */ = {isa = PBXFileReference; lastKnownFileType = sourcecode.swift; path = "Swift+Blocks.swift"; sourceTree = "<group>"; };
		0CC834E7220AE257006E0F92 /* HomeTabBarItem.swift */ = {isa = PBXFileReference; lastKnownFileType = sourcecode.swift; path = HomeTabBarItem.swift; sourceTree = "<group>"; };
		0CC834E9220AE29B006E0F92 /* HomeTabBarItem+Appearance.swift */ = {isa = PBXFileReference; lastKnownFileType = sourcecode.swift; path = "HomeTabBarItem+Appearance.swift"; sourceTree = "<group>"; };
		0CC834ED220AE4A5006E0F92 /* String+Constants.swift */ = {isa = PBXFileReference; lastKnownFileType = sourcecode.swift; path = "String+Constants.swift"; sourceTree = "<group>"; };
		0CC834F4220AEF64006E0F92 /* FontFamily.swift */ = {isa = PBXFileReference; lastKnownFileType = sourcecode.swift; path = FontFamily.swift; sourceTree = "<group>"; };
		0CC834F6220AEFDC006E0F92 /* FontFamily+Roboto.swift */ = {isa = PBXFileReference; lastKnownFileType = sourcecode.swift; path = "FontFamily+Roboto.swift"; sourceTree = "<group>"; };
		0CF02C69220A58A20094ECA7 /* GoogleService-Info.plist */ = {isa = PBXFileReference; fileEncoding = 4; lastKnownFileType = text.plist.xml; path = "GoogleService-Info.plist"; sourceTree = "<group>"; };
		3A7DA9006C2D44755D57F593 /* Pods_Weather.framework */ = {isa = PBXFileReference; explicitFileType = wrapper.framework; includeInIndex = 0; path = Pods_Weather.framework; sourceTree = BUILT_PRODUCTS_DIR; };
		B816F478CD2AC19820A42DDD /* Pods-Weather.debug.xcconfig */ = {isa = PBXFileReference; includeInIndex = 1; lastKnownFileType = text.xcconfig; name = "Pods-Weather.debug.xcconfig"; path = "Target Support Files/Pods-Weather/Pods-Weather.debug.xcconfig"; sourceTree = "<group>"; };
		FF6C5353ABB15CB8A02E717C /* Pods-Weather.release.xcconfig */ = {isa = PBXFileReference; includeInIndex = 1; lastKnownFileType = text.xcconfig; name = "Pods-Weather.release.xcconfig"; path = "Target Support Files/Pods-Weather/Pods-Weather.release.xcconfig"; sourceTree = "<group>"; };
/* End PBXFileReference section */

/* Begin PBXFrameworksBuildPhase section */
		0C9FEAE1220A55E3007F05F7 /* Frameworks */ = {
			isa = PBXFrameworksBuildPhase;
			buildActionMask = 2147483647;
			files = (
				C2E87CBDBE20C4B8247E2E51 /* Pods_Weather.framework in Frameworks */,
			);
			runOnlyForDeploymentPostprocessing = 0;
		};
/* End PBXFrameworksBuildPhase section */

/* Begin PBXGroup section */
		0C9FEADB220A55E3007F05F7 = {
			isa = PBXGroup;
			children = (
				0C9FEAE6220A55E3007F05F7 /* Weather */,
				0C9FEAE5220A55E3007F05F7 /* Products */,
				FC4AB0455AC9D44F7F0902DC /* Pods */,
				CD18A127EB302ECE833831DE /* Frameworks */,
			);
			sourceTree = "<group>";
		};
		0C9FEAE5220A55E3007F05F7 /* Products */ = {
			isa = PBXGroup;
			children = (
				0C9FEAE4220A55E3007F05F7 /* Weather.app */,
			);
			name = Products;
			sourceTree = "<group>";
		};
		0C9FEAE6220A55E3007F05F7 /* Weather */ = {
			isa = PBXGroup;
			children = (
				0CC834C5220A768D006E0F92 /* ApplicationLayer */,
				0CC834C6220A76A7006E0F92 /* PresentationLayer */,
				0CC834C7220A76B8006E0F92 /* BusinessLogicLayer */,
				0CC834C8220A76CA006E0F92 /* ModelsLayer */,
				0CC834DC220AD7E9006E0F92 /* CoreLayer */,
				0CC834E3220AE205006E0F92 /* Extensions */,
				0CC834B5220A66D3006E0F92 /* Resources */,
				0CC834C4220A6B4E006E0F92 /* Supporting Files */,
			);
			path = Weather;
			sourceTree = "<group>";
		};
		0CC834B5220A66D3006E0F92 /* Resources */ = {
			isa = PBXGroup;
			children = (
				0CC834B6220A6801006E0F92 /* Fonts */,
				0C9FEAEE220A55E5007F05F7 /* Assets.xcassets */,
				0C9FEAF0220A55E5007F05F7 /* LaunchScreen.storyboard */,
			);
			path = Resources;
			sourceTree = "<group>";
		};
		0CC834B6220A6801006E0F92 /* Fonts */ = {
			isa = PBXGroup;
			children = (
				0CC834B7220A680A006E0F92 /* Roboto */,
			);
			path = Fonts;
			sourceTree = "<group>";
		};
		0CC834B7220A680A006E0F92 /* Roboto */ = {
			isa = PBXGroup;
			children = (
				0CC834BA220A68A1006E0F92 /* Roboto-Bold.ttf */,
				0CC834B9220A68A1006E0F92 /* Roboto-Light.ttf */,
				0CC834B8220A68A1006E0F92 /* Roboto-Medium.ttf */,
				0CC834BC220A68A2006E0F92 /* Roboto-Regular.ttf */,
				0CC834BB220A68A2006E0F92 /* Roboto-Thin.ttf */,
			);
			path = Roboto;
			sourceTree = "<group>";
		};
		0CC834C4220A6B4E006E0F92 /* Supporting Files */ = {
			isa = PBXGroup;
			children = (
				0CF02C69220A58A20094ECA7 /* GoogleService-Info.plist */,
				0C9FEAF3220A55E5007F05F7 /* Info.plist */,
			);
			name = "Supporting Files";
			sourceTree = "<group>";
		};
		0CC834C5220A768D006E0F92 /* ApplicationLayer */ = {
			isa = PBXGroup;
			children = (
				0C9FEAE7220A55E3007F05F7 /* AppDelegate.swift */,
			);
			path = ApplicationLayer;
			sourceTree = "<group>";
		};
		0CC834C6220A76A7006E0F92 /* PresentationLayer */ = {
			isa = PBXGroup;
			children = (
				0CC834C9220A7B4D006E0F92 /* Modules */,
				0CC834CA220A7B6E006E0F92 /* Common */,
				0CC834CC220A7B9E006E0F92 /* Constants */,
				0CC834CB220A7B75006E0F92 /* Extensions */,
			);
			path = PresentationLayer;
			sourceTree = "<group>";
		};
		0CC834C7220A76B8006E0F92 /* BusinessLogicLayer */ = {
			isa = PBXGroup;
			children = (
			);
			path = BusinessLogicLayer;
			sourceTree = "<group>";
		};
		0CC834C8220A76CA006E0F92 /* ModelsLayer */ = {
			isa = PBXGroup;
			children = (
			);
			path = ModelsLayer;
			sourceTree = "<group>";
		};
		0CC834C9220A7B4D006E0F92 /* Modules */ = {
			isa = PBXGroup;
			children = (
				0CC834CD220A7C3D006E0F92 /* HomeModule */,
			);
			path = Modules;
			sourceTree = "<group>";
		};
		0CC834CA220A7B6E006E0F92 /* Common */ = {
			isa = PBXGroup;
			children = (
			);
			path = Common;
			sourceTree = "<group>";
		};
		0CC834CB220A7B75006E0F92 /* Extensions */ = {
			isa = PBXGroup;
			children = (
			);
			path = Extensions;
			sourceTree = "<group>";
		};
		0CC834CC220A7B9E006E0F92 /* Constants */ = {
			isa = PBXGroup;
			children = (
				0CC834F3220AEF5A006E0F92 /* Font */,
				0CC834EF220AEB40006E0F92 /* Strings */,
			);
			path = Constants;
			sourceTree = "<group>";
		};
		0CC834CD220A7C3D006E0F92 /* HomeModule */ = {
			isa = PBXGroup;
			children = (
				0CC834D0220A80B3006E0F92 /* Assembly */,
				0CC834CE220A7C77006E0F92 /* View */,
				0CC834CF220A80AA006E0F92 /* ViewModel */,
			);
			path = HomeModule;
			sourceTree = "<group>";
		};
		0CC834CE220A7C77006E0F92 /* View */ = {
			isa = PBXGroup;
			children = (
				0CC834E0220AE1B4006E0F92 /* HomeViewInput.swift */,
				0CC834DE220AE17D006E0F92 /* HomeViewOutput.swift */,
				0CC834D1220A80D4006E0F92 /* HomeViewController.swift */,
				0CC834D7220A8235006E0F92 /* Factory */,
			);
			path = View;
			sourceTree = "<group>";
		};
		0CC834CF220A80AA006E0F92 /* ViewModel */ = {
			isa = PBXGroup;
			children = (
				0CC834D3220A80EA006E0F92 /* HomeViewModel.swift */,
				0CC834E2220AE1D2006E0F92 /* HomeTabBarItem */,
			);
			path = ViewModel;
			sourceTree = "<group>";
		};
		0CC834D0220A80B3006E0F92 /* Assembly */ = {
			isa = PBXGroup;
			children = (
				0CC834D5220A815C006E0F92 /* HomeModuleAssembly.swift */,
			);
			path = Assembly;
			sourceTree = "<group>";
		};
		0CC834D7220A8235006E0F92 /* Factory */ = {
			isa = PBXGroup;
			children = (
				0CC834D8220A825C006E0F92 /* HomeControllersFactory.swift */,
			);
			path = Factory;
			sourceTree = "<group>";
		};
		0CC834DC220AD7E9006E0F92 /* CoreLayer */ = {
			isa = PBXGroup;
			children = (
			);
			path = CoreLayer;
			sourceTree = "<group>";
		};
		0CC834E2220AE1D2006E0F92 /* HomeTabBarItem */ = {
			isa = PBXGroup;
			children = (
				0CC834E7220AE257006E0F92 /* HomeTabBarItem.swift */,
				0CC834E9220AE29B006E0F92 /* HomeTabBarItem+Appearance.swift */,
			);
			path = HomeTabBarItem;
			sourceTree = "<group>";
		};
		0CC834E3220AE205006E0F92 /* Extensions */ = {
			isa = PBXGroup;
			children = (
				0CC834E4220AE212006E0F92 /* Swift */,
			);
			path = Extensions;
			sourceTree = "<group>";
		};
		0CC834E4220AE212006E0F92 /* Swift */ = {
			isa = PBXGroup;
			children = (
				0CC834E5220AE226006E0F92 /* Swift+Blocks.swift */,
			);
			path = Swift;
			sourceTree = "<group>";
		};
		0CC834EF220AEB40006E0F92 /* Strings */ = {
			isa = PBXGroup;
			children = (
				0CC834ED220AE4A5006E0F92 /* String+Constants.swift */,
			);
			path = Strings;
			sourceTree = "<group>";
		};
		0CC834F3220AEF5A006E0F92 /* Font */ = {
			isa = PBXGroup;
			children = (
				0CC834F4220AEF64006E0F92 /* FontFamily.swift */,
				0CC834F6220AEFDC006E0F92 /* FontFamily+Roboto.swift */,
			);
			path = Font;
			sourceTree = "<group>";
		};
		CD18A127EB302ECE833831DE /* Frameworks */ = {
			isa = PBXGroup;
			children = (
				3A7DA9006C2D44755D57F593 /* Pods_Weather.framework */,
			);
			name = Frameworks;
			sourceTree = "<group>";
		};
		FC4AB0455AC9D44F7F0902DC /* Pods */ = {
			isa = PBXGroup;
			children = (
				B816F478CD2AC19820A42DDD /* Pods-Weather.debug.xcconfig */,
				FF6C5353ABB15CB8A02E717C /* Pods-Weather.release.xcconfig */,
			);
			path = Pods;
			sourceTree = "<group>";
		};
/* End PBXGroup section */

/* Begin PBXNativeTarget section */
		0C9FEAE3220A55E3007F05F7 /* Weather */ = {
			isa = PBXNativeTarget;
			buildConfigurationList = 0C9FEAF6220A55E5007F05F7 /* Build configuration list for PBXNativeTarget "Weather" */;
			buildPhases = (
				E50E9D069B0117D4CF826E24 /* [CP] Check Pods Manifest.lock */,
				0C9FEAE0220A55E3007F05F7 /* Sources */,
				0C9FEAE1220A55E3007F05F7 /* Frameworks */,
				0C9FEAE2220A55E3007F05F7 /* Resources */,
				3725267E48D80D15E2A72BBC /* [CP] Embed Pods Frameworks */,
			);
			buildRules = (
			);
			dependencies = (
			);
			name = Weather;
			productName = Weather;
			productReference = 0C9FEAE4220A55E3007F05F7 /* Weather.app */;
			productType = "com.apple.product-type.application";
		};
/* End PBXNativeTarget section */

/* Begin PBXProject section */
		0C9FEADC220A55E3007F05F7 /* Project object */ = {
			isa = PBXProject;
			attributes = {
				LastSwiftUpdateCheck = 1010;
				LastUpgradeCheck = 1010;
				ORGANIZATIONNAME = "Victor Shabanov";
				TargetAttributes = {
					0C9FEAE3220A55E3007F05F7 = {
						CreatedOnToolsVersion = 10.1;
					};
				};
			};
			buildConfigurationList = 0C9FEADF220A55E3007F05F7 /* Build configuration list for PBXProject "Weather" */;
			compatibilityVersion = "Xcode 9.3";
			developmentRegion = en;
			hasScannedForEncodings = 0;
			knownRegions = (
				en,
				Base,
			);
			mainGroup = 0C9FEADB220A55E3007F05F7;
			productRefGroup = 0C9FEAE5220A55E3007F05F7 /* Products */;
			projectDirPath = "";
			projectRoot = "";
			targets = (
				0C9FEAE3220A55E3007F05F7 /* Weather */,
			);
		};
/* End PBXProject section */

/* Begin PBXResourcesBuildPhase section */
		0C9FEAE2220A55E3007F05F7 /* Resources */ = {
			isa = PBXResourcesBuildPhase;
			buildActionMask = 2147483647;
			files = (
				0CC834C0220A68A2006E0F92 /* Roboto-Thin.ttf in Resources */,
				0CC834BD220A68A2006E0F92 /* Roboto-Medium.ttf in Resources */,
				0CC834C1220A68A2006E0F92 /* Roboto-Regular.ttf in Resources */,
				0C9FEAF2220A55E5007F05F7 /* LaunchScreen.storyboard in Resources */,
				0CC834BF220A68A2006E0F92 /* Roboto-Bold.ttf in Resources */,
				0CC834BE220A68A2006E0F92 /* Roboto-Light.ttf in Resources */,
				0CF02C6A220A58A20094ECA7 /* GoogleService-Info.plist in Resources */,
				0C9FEAEF220A55E5007F05F7 /* Assets.xcassets in Resources */,
			);
			runOnlyForDeploymentPostprocessing = 0;
		};
/* End PBXResourcesBuildPhase section */

/* Begin PBXShellScriptBuildPhase section */
		3725267E48D80D15E2A72BBC /* [CP] Embed Pods Frameworks */ = {
			isa = PBXShellScriptBuildPhase;
			buildActionMask = 2147483647;
			files = (
			);
			inputFileListPaths = (
			);
			inputPaths = (
				"${PODS_ROOT}/Target Support Files/Pods-Weather/Pods-Weather-frameworks.sh",
				"${BUILT_PRODUCTS_DIR}/BoringSSL-GRPC/openssl_grpc.framework",
				"${BUILT_PRODUCTS_DIR}/GoogleUtilities/GoogleUtilities.framework",
				"${BUILT_PRODUCTS_DIR}/Protobuf/Protobuf.framework",
				"${BUILT_PRODUCTS_DIR}/gRPC-C++/grpcpp.framework",
				"${BUILT_PRODUCTS_DIR}/gRPC-Core/grpc.framework",
				"${BUILT_PRODUCTS_DIR}/leveldb-library/leveldb.framework",
				"${BUILT_PRODUCTS_DIR}/nanopb/nanopb.framework",
			);
			name = "[CP] Embed Pods Frameworks";
			outputFileListPaths = (
			);
			outputPaths = (
				"${TARGET_BUILD_DIR}/${FRAMEWORKS_FOLDER_PATH}/openssl_grpc.framework",
				"${TARGET_BUILD_DIR}/${FRAMEWORKS_FOLDER_PATH}/GoogleUtilities.framework",
				"${TARGET_BUILD_DIR}/${FRAMEWORKS_FOLDER_PATH}/Protobuf.framework",
				"${TARGET_BUILD_DIR}/${FRAMEWORKS_FOLDER_PATH}/grpcpp.framework",
				"${TARGET_BUILD_DIR}/${FRAMEWORKS_FOLDER_PATH}/grpc.framework",
				"${TARGET_BUILD_DIR}/${FRAMEWORKS_FOLDER_PATH}/leveldb.framework",
				"${TARGET_BUILD_DIR}/${FRAMEWORKS_FOLDER_PATH}/nanopb.framework",
			);
			runOnlyForDeploymentPostprocessing = 0;
			shellPath = /bin/sh;
			shellScript = "\"${PODS_ROOT}/Target Support Files/Pods-Weather/Pods-Weather-frameworks.sh\"\n";
			showEnvVarsInLog = 0;
		};
		E50E9D069B0117D4CF826E24 /* [CP] Check Pods Manifest.lock */ = {
			isa = PBXShellScriptBuildPhase;
			buildActionMask = 2147483647;
			files = (
			);
			inputFileListPaths = (
			);
			inputPaths = (
				"${PODS_PODFILE_DIR_PATH}/Podfile.lock",
				"${PODS_ROOT}/Manifest.lock",
			);
			name = "[CP] Check Pods Manifest.lock";
			outputFileListPaths = (
			);
			outputPaths = (
				"$(DERIVED_FILE_DIR)/Pods-Weather-checkManifestLockResult.txt",
			);
			runOnlyForDeploymentPostprocessing = 0;
			shellPath = /bin/sh;
			shellScript = "diff \"${PODS_PODFILE_DIR_PATH}/Podfile.lock\" \"${PODS_ROOT}/Manifest.lock\" > /dev/null\nif [ $? != 0 ] ; then\n    # print error to STDERR\n    echo \"error: The sandbox is not in sync with the Podfile.lock. Run 'pod install' or update your CocoaPods installation.\" >&2\n    exit 1\nfi\n# This output is used by Xcode 'outputs' to avoid re-running this script phase.\necho \"SUCCESS\" > \"${SCRIPT_OUTPUT_FILE_0}\"\n";
			showEnvVarsInLog = 0;
		};
/* End PBXShellScriptBuildPhase section */

/* Begin PBXSourcesBuildPhase section */
		0C9FEAE0220A55E3007F05F7 /* Sources */ = {
			isa = PBXSourcesBuildPhase;
			buildActionMask = 2147483647;
			files = (
				0CC834F5220AEF64006E0F92 /* FontFamily.swift in Sources */,
				0C9FEAE8220A55E3007F05F7 /* AppDelegate.swift in Sources */,
				0CC834D4220A80EA006E0F92 /* HomeViewModel.swift in Sources */,
				0CC834D6220A815C006E0F92 /* HomeModuleAssembly.swift in Sources */,
				0CC834E6220AE226006E0F92 /* Swift+Blocks.swift in Sources */,
				0CC834E8220AE257006E0F92 /* HomeTabBarItem.swift in Sources */,
				0CC834D2220A80D4006E0F92 /* HomeViewController.swift in Sources */,
				0CC834F7220AEFDC006E0F92 /* FontFamily+Roboto.swift in Sources */,
				0CC834D9220A825C006E0F92 /* HomeControllersFactory.swift in Sources */,
				0CC834E1220AE1B4006E0F92 /* HomeViewInput.swift in Sources */,
				0CC834DF220AE17D006E0F92 /* HomeViewOutput.swift in Sources */,
				0CC834EE220AE4A5006E0F92 /* String+Constants.swift in Sources */,
				0CC834EA220AE29B006E0F92 /* HomeTabBarItem+Appearance.swift in Sources */,
			);
			runOnlyForDeploymentPostprocessing = 0;
		};
/* End PBXSourcesBuildPhase section */

/* Begin PBXVariantGroup section */
		0C9FEAF0220A55E5007F05F7 /* LaunchScreen.storyboard */ = {
			isa = PBXVariantGroup;
			children = (
				0C9FEAF1220A55E5007F05F7 /* Base */,
			);
			name = LaunchScreen.storyboard;
			sourceTree = "<group>";
		};
/* End PBXVariantGroup section */

/* Begin XCBuildConfiguration section */
		0C9FEAF4220A55E5007F05F7 /* Debug */ = {
			isa = XCBuildConfiguration;
			buildSettings = {
				ALWAYS_SEARCH_USER_PATHS = NO;
				CLANG_ANALYZER_NONNULL = YES;
				CLANG_ANALYZER_NUMBER_OBJECT_CONVERSION = YES_AGGRESSIVE;
				CLANG_CXX_LANGUAGE_STANDARD = "gnu++14";
				CLANG_CXX_LIBRARY = "libc++";
				CLANG_ENABLE_MODULES = YES;
				CLANG_ENABLE_OBJC_ARC = YES;
				CLANG_ENABLE_OBJC_WEAK = YES;
				CLANG_WARN_BLOCK_CAPTURE_AUTORELEASING = YES;
				CLANG_WARN_BOOL_CONVERSION = YES;
				CLANG_WARN_COMMA = YES;
				CLANG_WARN_CONSTANT_CONVERSION = YES;
				CLANG_WARN_DEPRECATED_OBJC_IMPLEMENTATIONS = YES;
				CLANG_WARN_DIRECT_OBJC_ISA_USAGE = YES_ERROR;
				CLANG_WARN_DOCUMENTATION_COMMENTS = YES;
				CLANG_WARN_EMPTY_BODY = YES;
				CLANG_WARN_ENUM_CONVERSION = YES;
				CLANG_WARN_INFINITE_RECURSION = YES;
				CLANG_WARN_INT_CONVERSION = YES;
				CLANG_WARN_NON_LITERAL_NULL_CONVERSION = YES;
				CLANG_WARN_OBJC_IMPLICIT_RETAIN_SELF = YES;
				CLANG_WARN_OBJC_LITERAL_CONVERSION = YES;
				CLANG_WARN_OBJC_ROOT_CLASS = YES_ERROR;
				CLANG_WARN_RANGE_LOOP_ANALYSIS = YES;
				CLANG_WARN_STRICT_PROTOTYPES = YES;
				CLANG_WARN_SUSPICIOUS_MOVE = YES;
				CLANG_WARN_UNGUARDED_AVAILABILITY = YES_AGGRESSIVE;
				CLANG_WARN_UNREACHABLE_CODE = YES;
				CLANG_WARN__DUPLICATE_METHOD_MATCH = YES;
				CODE_SIGN_IDENTITY = "iPhone Developer";
				COPY_PHASE_STRIP = NO;
				DEBUG_INFORMATION_FORMAT = dwarf;
				ENABLE_STRICT_OBJC_MSGSEND = YES;
				ENABLE_TESTABILITY = YES;
				GCC_C_LANGUAGE_STANDARD = gnu11;
				GCC_DYNAMIC_NO_PIC = NO;
				GCC_NO_COMMON_BLOCKS = YES;
				GCC_OPTIMIZATION_LEVEL = 0;
				GCC_PREPROCESSOR_DEFINITIONS = (
					"DEBUG=1",
					"$(inherited)",
				);
				GCC_WARN_64_TO_32_BIT_CONVERSION = YES;
				GCC_WARN_ABOUT_RETURN_TYPE = YES_ERROR;
				GCC_WARN_UNDECLARED_SELECTOR = YES;
				GCC_WARN_UNINITIALIZED_AUTOS = YES_AGGRESSIVE;
				GCC_WARN_UNUSED_FUNCTION = YES;
				GCC_WARN_UNUSED_VARIABLE = YES;
				IPHONEOS_DEPLOYMENT_TARGET = 10.0;
				MTL_ENABLE_DEBUG_INFO = INCLUDE_SOURCE;
				MTL_FAST_MATH = YES;
				ONLY_ACTIVE_ARCH = YES;
				SDKROOT = iphoneos;
				SWIFT_ACTIVE_COMPILATION_CONDITIONS = DEBUG;
				SWIFT_OPTIMIZATION_LEVEL = "-Onone";
			};
			name = Debug;
		};
		0C9FEAF5220A55E5007F05F7 /* Release */ = {
			isa = XCBuildConfiguration;
			buildSettings = {
				ALWAYS_SEARCH_USER_PATHS = NO;
				CLANG_ANALYZER_NONNULL = YES;
				CLANG_ANALYZER_NUMBER_OBJECT_CONVERSION = YES_AGGRESSIVE;
				CLANG_CXX_LANGUAGE_STANDARD = "gnu++14";
				CLANG_CXX_LIBRARY = "libc++";
				CLANG_ENABLE_MODULES = YES;
				CLANG_ENABLE_OBJC_ARC = YES;
				CLANG_ENABLE_OBJC_WEAK = YES;
				CLANG_WARN_BLOCK_CAPTURE_AUTORELEASING = YES;
				CLANG_WARN_BOOL_CONVERSION = YES;
				CLANG_WARN_COMMA = YES;
				CLANG_WARN_CONSTANT_CONVERSION = YES;
				CLANG_WARN_DEPRECATED_OBJC_IMPLEMENTATIONS = YES;
				CLANG_WARN_DIRECT_OBJC_ISA_USAGE = YES_ERROR;
				CLANG_WARN_DOCUMENTATION_COMMENTS = YES;
				CLANG_WARN_EMPTY_BODY = YES;
				CLANG_WARN_ENUM_CONVERSION = YES;
				CLANG_WARN_INFINITE_RECURSION = YES;
				CLANG_WARN_INT_CONVERSION = YES;
				CLANG_WARN_NON_LITERAL_NULL_CONVERSION = YES;
				CLANG_WARN_OBJC_IMPLICIT_RETAIN_SELF = YES;
				CLANG_WARN_OBJC_LITERAL_CONVERSION = YES;
				CLANG_WARN_OBJC_ROOT_CLASS = YES_ERROR;
				CLANG_WARN_RANGE_LOOP_ANALYSIS = YES;
				CLANG_WARN_STRICT_PROTOTYPES = YES;
				CLANG_WARN_SUSPICIOUS_MOVE = YES;
				CLANG_WARN_UNGUARDED_AVAILABILITY = YES_AGGRESSIVE;
				CLANG_WARN_UNREACHABLE_CODE = YES;
				CLANG_WARN__DUPLICATE_METHOD_MATCH = YES;
				CODE_SIGN_IDENTITY = "iPhone Developer";
				COPY_PHASE_STRIP = NO;
				DEBUG_INFORMATION_FORMAT = "dwarf-with-dsym";
				ENABLE_NS_ASSERTIONS = NO;
				ENABLE_STRICT_OBJC_MSGSEND = YES;
				GCC_C_LANGUAGE_STANDARD = gnu11;
				GCC_NO_COMMON_BLOCKS = YES;
				GCC_WARN_64_TO_32_BIT_CONVERSION = YES;
				GCC_WARN_ABOUT_RETURN_TYPE = YES_ERROR;
				GCC_WARN_UNDECLARED_SELECTOR = YES;
				GCC_WARN_UNINITIALIZED_AUTOS = YES_AGGRESSIVE;
				GCC_WARN_UNUSED_FUNCTION = YES;
				GCC_WARN_UNUSED_VARIABLE = YES;
				IPHONEOS_DEPLOYMENT_TARGET = 10.0;
				MTL_ENABLE_DEBUG_INFO = NO;
				MTL_FAST_MATH = YES;
				SDKROOT = iphoneos;
				SWIFT_COMPILATION_MODE = wholemodule;
				SWIFT_OPTIMIZATION_LEVEL = "-O";
				VALIDATE_PRODUCT = YES;
			};
			name = Release;
		};
		0C9FEAF7220A55E5007F05F7 /* Debug */ = {
			isa = XCBuildConfiguration;
			baseConfigurationReference = B816F478CD2AC19820A42DDD /* Pods-Weather.debug.xcconfig */;
			buildSettings = {
				ASSETCATALOG_COMPILER_APPICON_NAME = AppIcon;
				CODE_SIGN_STYLE = Automatic;
				DEVELOPMENT_TEAM = V5GGNVP9C6;
				INFOPLIST_FILE = "$(PROJECT_NAME)/Info.plist";
				LD_RUNPATH_SEARCH_PATHS = (
					"$(inherited)",
					"@executable_path/Frameworks",
				);
				PRODUCT_BUNDLE_IDENTIFIER = com.shabanov.weather.demo;
				PRODUCT_NAME = "$(TARGET_NAME)";
				SWIFT_VERSION = 4.2;
				TARGETED_DEVICE_FAMILY = "1,2";
			};
			name = Debug;
		};
		0C9FEAF8220A55E5007F05F7 /* Release */ = {
			isa = XCBuildConfiguration;
			baseConfigurationReference = FF6C5353ABB15CB8A02E717C /* Pods-Weather.release.xcconfig */;
			buildSettings = {
				ASSETCATALOG_COMPILER_APPICON_NAME = AppIcon;
				CODE_SIGN_STYLE = Automatic;
				DEVELOPMENT_TEAM = V5GGNVP9C6;
				INFOPLIST_FILE = "$(PROJECT_NAME)/Info.plist";
				LD_RUNPATH_SEARCH_PATHS = (
					"$(inherited)",
					"@executable_path/Frameworks",
				);
				PRODUCT_BUNDLE_IDENTIFIER = com.shabanov.weather.demo;
				PRODUCT_NAME = "$(TARGET_NAME)";
				SWIFT_VERSION = 4.2;
				TARGETED_DEVICE_FAMILY = "1,2";
			};
			name = Release;
		};
/* End XCBuildConfiguration section */

/* Begin XCConfigurationList section */
		0C9FEADF220A55E3007F05F7 /* Build configuration list for PBXProject "Weather" */ = {
			isa = XCConfigurationList;
			buildConfigurations = (
				0C9FEAF4220A55E5007F05F7 /* Debug */,
				0C9FEAF5220A55E5007F05F7 /* Release */,
			);
			defaultConfigurationIsVisible = 0;
			defaultConfigurationName = Release;
		};
		0C9FEAF6220A55E5007F05F7 /* Build configuration list for PBXNativeTarget "Weather" */ = {
			isa = XCConfigurationList;
			buildConfigurations = (
				0C9FEAF7220A55E5007F05F7 /* Debug */,
				0C9FEAF8220A55E5007F05F7 /* Release */,
			);
			defaultConfigurationIsVisible = 0;
			defaultConfigurationName = Release;
		};
/* End XCConfigurationList section */
	};
	rootObject = 0C9FEADC220A55E3007F05F7 /* Project object */;
}
